
Microsoft Visual Studio Solution File, Format Version 11.00
# Visual Studio 2010
Project("{8BC9CEB8-8B4A-11D0-8D11-00A0C91BC942}") = "Shard", "Shard.vcxproj", "{EF72E4F8-4594-46EC-8880-86A2B9B6907D}"
EndProject
Global
	GlobalSection(SolutionConfigurationPlatforms) = preSolution
		Debug|Win32 = Debug|Win32
		Release|Win32 = Release|Win32
	EndGlobalSection
	GlobalSection(ProjectConfigurationPlatforms) = postSolution
		{EF72E4F8-4594-46EC-8880-86A2B9B6907D}.Debug|Win32.ActiveCfg = Debug|Win32
		{EF72E4F8-4594-46EC-8880-86A2B9B6907D}.Debug|Win32.Build.0 = Debug|Win32
		{EF72E4F8-4594-46EC-8880-86A2B9B6907D}.Release|Win32.ActiveCfg = Release|Win32
		{EF72E4F8-4594-46EC-8880-86A2B9B6907D}.Release|Win32.Build.0 = Release|Win32
	EndGlobalSection
	GlobalSection(SolutionProperties) = preSolution
		HideSolutionNode = FALSE
	EndGlobalSection
EndGlobal
